{
  "version": "5",
  "specifiers": {
    "npm:@nestjs/cache-manager@2.3.0": "2.3.0_@nestjs+common@11.1.16__reflect-metadata@0.2.2__rxjs@7.8.1_@nestjs+core@11.1.16__@nestjs+common@11.1.16___reflect-metadata@0.2.2___rxjs@7.8.1__reflect-metadata@0.2.2__rxjs@7.8.1_cache-manager@5.4.0_rxjs@7.8.1",
    "npm:@nestjs/common@11.1.16": "11.1.16_reflect-metadata@0.2.2_rxjs@7.8.1",
    "npm:@nestjs/core@11.1.16": "11.1.16_@nestjs+common@11.1.16__reflect-metadata@0.2.2__rxjs@7.8.1_reflect-metadata@0.2.2_rxjs@7.8.1",
    "npm:cache-manager-redis-yet@4.1.2": "4.1.2",
    "npm:cache-manager@5.4.0": "5.4.0",
    "npm:redis@4.7.0": "4.7.0",
    "npm:reflect-metadata@0.2.2": "0.2.2",
    "npm:rxjs@7.8.1": "7.8.1"
  },
  "npm": {
    "@borewit/text-codec@0.2.2": {
      "integrity": "sha512-DDaRehssg1aNrH4+2hnj1B7vnUGEjU6OIlyRdkMd0aUdIUvKXrJfXsy8LVtXAy7DRvYVluWbMspsRhz2lcW0mQ=="
    },
    "@lukeed/csprng@1.1.0": {
      "integrity": "sha512-Z7C/xXCiGWsg0KuKsHTKJxbWhpI3Vs5GwLfOean7MGyVFGqdRgBbAjOCh6u4bbjPc/8MJ2pZmK/0DLdCbivLDA=="
    },
    "@nestjs/cache-manager@2.3.0_@nestjs+common@11.1.16__reflect-metadata@0.2.2__rxjs@7.8.1_@nestjs+core@11.1.16__@nestjs+common@11.1.16___reflect-metadata@0.2.2___rxjs@7.8.1__reflect-metadata@0.2.2__rxjs@7.8.1_cache-manager@5.4.0_rxjs@7.8.1": {
      "integrity": "sha512-pxeBp9w/s99HaW2+pezM1P3fLiWmUEnTUoUMLa9UYViCtjj0E0A19W/vaT5JFACCzFIeNrwH4/16jkpAhQ25Vw==",
      "dependencies": [
        "@nestjs/common",
        "@nestjs/core",
        "cache-manager",
        "rxjs"
      ]
    },
    "@nestjs/common@11.1.16_reflect-metadata@0.2.2_rxjs@7.8.1": {
      "integrity": "sha512-JSIeW+USuMJkkcNbiOdcPkVCeI3TSnXstIVEPpp3HiaKnPRuSbUUKm9TY9o/XpIcPHWUOQItAtC5BiAwFdVITQ==",
      "dependencies": [
        "file-type",
        "iterare",
        "load-esm",
        "reflect-metadata",
        "rxjs",
        "tslib",
        "uid"
      ]
    },
    "@nestjs/core@11.1.16_@nestjs+common@11.1.16__reflect-metadata@0.2.2__rxjs@7.8.1_reflect-metadata@0.2.2_rxjs@7.8.1": {
      "integrity": "sha512-tXWXyCiqWthelJjrE0KLFjf0O98VEt+WPVx5CrqCf+059kIxJ8y1Vw7Cy7N4fwQafWNrmFL2AfN87DDMbVAY0w==",
      "dependencies": [
        "@nestjs/common",
        "@nuxt/opencollective",
        "fast-safe-stringify",
        "iterare",
        "path-to-regexp",
        "reflect-metadata",
        "rxjs",
        "tslib",
        "uid"
      ],
      "scripts": true
    },
    "@nuxt/opencollective@0.4.1": {
      "integrity": "sha512-GXD3wy50qYbxCJ652bDrDzgMr3NFEkIS374+IgFQKkCvk9yiYcLvX2XDYr7UyQxf4wK0e+yqDYRubZ0DtOxnmQ==",
      "dependencies": [
        "consola"
      ],
      "bin": true
    },
    "@redis/bloom@1.2.0_@redis+client@1.6.0": {
      "integrity": "sha512-HG2DFjYKbpNmVXsa0keLHp/3leGJz1mjh09f2RLGGLQZzSHpkmZWuwJbAvo3QcRY8p80m5+ZdXZdYOSBLlp7Cg==",
      "dependencies": [
        "@redis/client"
      ]
    },
    "@redis/client@1.6.0": {
      "integrity": "sha512-aR0uffYI700OEEH4gYnitAnv3vzVGXCFvYfdpu/CJKvk4pHfLPEy/JSZyrpQ+15WhXe1yJRXLtfQ84s4mEXnPg==",
      "dependencies": [
        "cluster-key-slot",
        "generic-pool",
        "yallist"
      ]
    },
    "@redis/graph@1.1.1_@redis+client@1.6.0": {
      "integrity": "sha512-FEMTcTHZozZciLRl6GiiIB4zGm5z5F3F6a6FZCyrfxdKOhFlGkiAqlexWMBzCi4DcRoyiOsuLfW+cjlGWyExOw==",
      "dependencies": [
        "@redis/client"
      ]
    },
    "@redis/json@1.0.7_@redis+client@1.6.0": {
      "integrity": "sha512-6UyXfjVaTBTJtKNG4/9Z8PSpKE6XgSyEb8iwaqDcy+uKrd/DGYHTWkUdnQDyzm727V7p21WUMhsqz5oy65kPcQ==",
      "dependencies": [
        "@redis/client"
      ]
    },
    "@redis/search@1.2.0_@redis+client@1.6.0": {
      "integrity": "sha512-tYoDBbtqOVigEDMAcTGsRlMycIIjwMCgD8eR2t0NANeQmgK/lvxNAvYyb6bZDD4frHRhIHkJu2TBRvB0ERkOmw==",
      "dependencies": [
        "@redis/client"
      ]
    },
    "@redis/time-series@1.1.0_@redis+client@1.6.0": {
      "integrity": "sha512-c1Q99M5ljsIuc4YdaCwfUEXsofakb9c8+Zse2qxTadu8TalLXuAESzLvFAvNVbkmSlvlzIQOLpBCmWI9wTOt+g==",
      "dependencies": [
        "@redis/client"
      ]
    },
    "@tokenizer/inflate@0.4.1": {
      "integrity": "sha512-2mAv+8pkG6GIZiF1kNg1jAjh27IDxEPKwdGul3snfztFerfPGI1LjDezZp3i7BElXompqEtPmoPx6c2wgtWsOA==",
      "dependencies": [
        "debug",
        "token-types"
      ]
    },
    "@tokenizer/token@0.3.0": {
      "integrity": "sha512-OvjF+z51L3ov0OyAU0duzsYuvO01PH7x4t6DJx+guahgTnBHkhJdG7soQeTSFLWN3efnHyibZ4Z8l2EuWwJN3A=="
    },
    "cache-manager-redis-yet@4.1.2": {
      "integrity": "sha512-pM2K1ZlOv8gQpE1Z5mcDrfLj5CsNKVRiYua/SZ12j7LEDgfDeFVntI6JSgIw0siFSR/9P/FpG30scI3frHwibA==",
      "dependencies": [
        "@redis/bloom",
        "@redis/client",
        "@redis/graph",
        "@redis/json",
        "@redis/search",
        "@redis/time-series",
        "cache-manager",
        "redis"
      ],
      "deprecated": true
    },
    "cache-manager@5.4.0": {
      "integrity": "sha512-FS7o8vqJosnLpu9rh2gQTo8EOzCRJLF1BJ4XDEUDMqcfvs7SJZs5iuoFTXLauzQ3S5v8sBAST1pCwMaurpyi1A==",
      "dependencies": [
        "lodash.clonedeep",
        "lru-cache",
        "promise-coalesce"
      ]
    },
    "cluster-key-slot@1.1.2": {
      "integrity": "sha512-RMr0FhtfXemyinomL4hrWcYJxmX6deFdCxpJzhDttxgO1+bcCnkk+9drydLVDmAMG7NE6aN/fl4F7ucU/90gAA=="
    },
    "consola@3.4.2": {
      "integrity": "sha512-5IKcdX0nnYavi6G7TtOhwkYzyjfJlatbjMjuLSfE2kYT5pMDOilZ4OvMhi637CcDICTmz3wARPoyhqyX1Y+XvA=="
    },
    "debug@4.4.3": {
      "integrity": "sha512-RGwwWnwQvkVfavKVt22FGLw+xYSdzARwm0ru6DhTVA3umU5hZc28V3kO4stgYryrTlLpuvgI9GiijltAjNbcqA==",
      "dependencies": [
        "ms"
      ]
    },
    "fast-safe-stringify@2.1.1": {
      "integrity": "sha512-W+KJc2dmILlPplD/H4K9l9LcAHAfPtP6BY84uVLXQ6Evcz9Lcg33Y2z1IVblT6xdY54PXYVHEv+0Wpq8Io6zkA=="
    },
    "file-type@21.3.0": {
      "integrity": "sha512-8kPJMIGz1Yt/aPEwOsrR97ZyZaD1Iqm8PClb1nYFclUCkBi0Ma5IsYNQzvSFS9ib51lWyIw5mIT9rWzI/xjpzA==",
      "dependencies": [
        "@tokenizer/inflate",
        "strtok3",
        "token-types",
        "uint8array-extras"
      ]
    },
    "generic-pool@3.9.0": {
      "integrity": "sha512-hymDOu5B53XvN4QT9dBmZxPX4CWhBPPLguTZ9MMFeFa/Kg0xWVfylOVNlJji/E7yTZWFd/q9GO5TxDLq156D7g=="
    },
    "ieee754@1.2.1": {
      "integrity": "sha512-dcyqhDvX1C46lXZcVqCpK+FtMRQVdIMN6/Df5js2zouUsqG7I6sFxitIC+7KYK29KdXOLHdu9zL4sFnoVQnqaA=="
    },
    "iterare@1.2.1": {
      "integrity": "sha512-RKYVTCjAnRthyJes037NX/IiqeidgN1xc3j1RjFfECFp28A1GVwK9nA+i0rJPaHqSZwygLzRnFlzUuHFoWWy+Q=="
    },
    "load-esm@1.0.3": {
      "integrity": "sha512-v5xlu8eHD1+6r8EHTg6hfmO97LN8ugKtiXcy5e6oN72iD2r6u0RPfLl6fxM+7Wnh2ZRq15o0russMst44WauPA=="
    },
    "lodash.clonedeep@4.5.0": {
      "integrity": "sha512-H5ZhCF25riFd9uB5UCkVKo61m3S/xZk1x4wA6yp/L3RFP6Z/eHH1ymQcGLo7J3GMPfm0V/7m1tryHuGVxpqEBQ=="
    },
    "lru-cache@10.4.3": {
      "integrity": "sha512-JNAzZcXrCt42VGLuYz0zfAzDfAvJWW6AfYlDBQyDV5DClI2m5sAmK+OIO7s59XfsRsWHp02jAJrRadPRGTt6SQ=="
    },
    "ms@2.1.3": {
      "integrity": "sha512-6FlzubTLZG3J2a/NVCAleEhjzq5oxgHyaCU9yYXvcLsvoVaHJq/s5xXI6/XXP6tz7R9xAOtHnSO/tXtF3WRTlA=="
    },
    "path-to-regexp@8.3.0": {
      "integrity": "sha512-7jdwVIRtsP8MYpdXSwOS0YdD0Du+qOoF/AEPIt88PcCFrZCzx41oxku1jD88hZBwbNUIEfpqvuhjFaMAqMTWnA=="
    },
    "promise-coalesce@1.5.0": {
      "integrity": "sha512-cTJ30U+ur1LD7pMPyQxiKIwxjtAjLsyU7ivRhVWZrX9BNIXtf78pc37vSMc8Vikx7DVzEKNk2SEJ5KWUpSG2ig=="
    },
    "redis@4.7.0": {
      "integrity": "sha512-zvmkHEAdGMn+hMRXuMBtu4Vo5P6rHQjLoHftu+lBqq8ZTA3RCVC/WzD790bkKKiNFp7d5/9PcSD19fJyyRvOdQ==",
      "dependencies": [
        "@redis/bloom",
        "@redis/client",
        "@redis/graph",
        "@redis/json",
        "@redis/search",
        "@redis/time-series"
      ]
    },
    "reflect-metadata@0.2.2": {
      "integrity": "sha512-urBwgfrvVP/eAyXx4hluJivBKzuEbSQs9rKWCrCkbSxNv8mxPcUZKeuoF3Uy4mJl3Lwprp6yy5/39VWigZ4K6Q=="
    },
    "rxjs@7.8.1": {
      "integrity": "sha512-AA3TVj+0A2iuIoQkWEK/tqFjBq2j+6PO6Y0zJcvzLAFhEFIO3HL0vls9hWLncZbAAbK0mar7oZ4V079I/qPMxg==",
      "dependencies": [
        "tslib"
      ]
    },
    "strtok3@10.3.5": {
      "integrity": "sha512-ki4hZQfh5rX0QDLLkOCj+h+CVNkqmp/CMf8v8kZpkNVK6jGQooMytqzLZYUVYIZcFZ6yDB70EfD8POcFXiF5oA==",
      "dependencies": [
        "@tokenizer/token"
      ]
    },
    "token-types@6.1.2": {
      "integrity": "sha512-dRXchy+C0IgK8WPC6xvCHFRIWYUbqqdEIKPaKo/AcTUNzwLTK6AH7RjdLWsEZcAN/TBdtfUw3PYEgPr5VPr6ww==",
      "dependencies": [
        "@borewit/text-codec",
        "@tokenizer/token",
        "ieee754"
      ]
    },
    "tslib@2.8.1": {
      "integrity": "sha512-oJFu94HQb+KVduSUQL7wnpmqnfmLsOA/nAh6b6EH0wCEoK0/mPeXU6c3wKDV83MkOuHPRHtSXKKU99IBazS/2w=="
    },
    "uid@2.0.2": {
      "integrity": "sha512-u3xV3X7uzvi5b1MncmZo3i2Aw222Zk1keqLA1YkHldREkAhAqi65wuPfe7lHx8H/Wzy+8CE7S7uS3jekIM5s8g==",
      "dependencies": [
        "@lukeed/csprng"
      ]
    },
    "uint8array-extras@1.5.0": {
      "integrity": "sha512-rvKSBiC5zqCCiDZ9kAOszZcDvdAHwwIKJG33Ykj43OKcWsnmcBRL09YTU4nOeHZ8Y2a7l1MgTd08SBe9A8Qj6A=="
    },
    "yallist@4.0.0": {
      "integrity": "sha512-3wdGidZyq5PB084XLES5TpOSRA3wjXAlIWMhum2kRcv/41Sn2emQ0dycQW4uZXLejwKvg6EsvbdlVL+FYEct7A=="
    }
  },
  "workspace": {
    "dependencies": [
      "npm:@nestjs/cache-manager@2.3.0",
      "npm:@nestjs/common@11.1.16",
      "npm:@nestjs/core@11.1.16",
      "npm:cache-manager-redis-yet@4.1.2",
      "npm:cache-manager@5.4.0",
      "npm:redis@4.7.0",
      "npm:reflect-metadata@0.2.2",
      "npm:rxjs@7.8.1"
    ]
  }
}
