c010e3387f992e47cb0185ce294f80601342edd233d18b2a873dcde0fa07dae6  src/database/typeorm/core/migrations/billing/1708535112230-addBillingCoreTables.ts
7c1fbe8115a2f81cb9e520ee270883bdd35e7bfdd8a779e093fb01910fe400e2  src/database/typeorm/core/migrations/billing/1756912860000-addPhasesToBillingSubscription.ts
10ecf40e9a2f854af5995f740dbe7b9565babcc9f0931c2d7744d85ee2b60be0  src/database/typeorm/core/migrations/billing/1757056320000-removeTiersModeFromBillingPrice.ts
8d4a7d7f75fa22d451726219b916e9a4003cb86454dcc3b96dec661f97a4c553  src/database/typeorm/core/migrations/common/1700140427984-setupMetadataTables.ts
e7361f5b649f51b22ae625c5cfa4ff1d6d1f4aeb5cd0a3edf36ff4f67109624e  src/database/typeorm/core/migrations/common/1756976545860-unique-field-metadata-name-for-workspace-object-metadata.ts
697ffb7093271457d69b7da209e20416f48f7b1ec2402a833ca1d5c6605918fb  src/database/typeorm/core/migrations/common/1757013851879-addPublicDomainEntity.ts
8b1c64ea2becfa9c7ca70926f7d624cbb23bde0f1129b51d2b995978f9427ffd  src/database/typeorm/core/migrations/common/1757491357122-addApplicationEntityAndRelationships.ts
f6bf390851d16115b25e2e1977a111f144476abcd9bb0d7b0520003b56e7e815  src/database/typeorm/core/migrations/common/1757806282417-addSearchFieldMetadataEntity.ts
4e330b07c9d25587abb89c61648d357858f2fb11fa87e5ee916683e6278b9c94  src/database/typeorm/core/migrations/common/1757809958470-addWorkspaceForeignKeyToSearchFieldMetadata.ts
2018c5c48eb33e752be19a4950c0edc20dc09a72f2a3be96fcaaf66dec4ef8b4  src/database/typeorm/core/migrations/common/1757858496548-addCalendarTypeToViewTable.ts
e52c29256902d2072b0a5f872f9f27067c2851de3ad0dbcaa9a5bf82b10e1bf3  src/database/typeorm/core/migrations/common/1757864696439-addCalendarFieldMetadataIdToViewTable.ts
d5875c95f15f4446a7263e50d3469a8bea8c8ae514af770857130789f14f1324  src/database/typeorm/core/migrations/common/1757991657472-RemoveContentFromAgentChatMessage.ts
7e49ecc8c8889a24f2dcbb422473cacbccb3cda2d233f819dafae3f58b98abe1  src/database/typeorm/core/migrations/common/1758038863448-add-universal-identifier-to-index-metadata.ts
a1d37de60e29d0c683e188df4acc9923f1eaf4c3343c6688b531e3f9c30e939f  src/database/typeorm/core/migrations/common/1758117800000-activate-unaccent-extension.ts
8c35137035a7fe99551459b809a005fb6b271c8d17d041a42981b8cfe59cc7ed  src/database/typeorm/core/migrations/common/1758388517321-createEmailingDomainEntity.ts
c32cadc5d4ac33ffb2fea8e33eec395eea35987f74b5d397c7c64d5a72a37c7c  src/database/typeorm/core/migrations/common/1758720905726-addApplicationIdToObjectMetadata.ts
67684e08625d03f9e4ed95d9517d28c7381bffb478f41856b355decef777bd8a  src/database/typeorm/core/migrations/common/1758767315179-createAgentChatMessagePartTableAndRemoveRawContent.ts
8cc2272deb6bad60352a7d1bb00267714f1e6c8db16649045ac818be66079e94  src/database/typeorm/core/migrations/common/1758793689363-addUniversalIdentifierToServerlessFunction.ts
6d8fea2adf4ba347e5ba9397d77ae20c79d03a48303f59a13f06838826727ba0  src/database/typeorm/core/migrations/common/1758802648930-addChecksumToServerlessFunction.ts
a9463641b80e45f11c540d89c03ab2c2786487088bfc9afaf23090ee710b4b5f  src/database/typeorm/core/migrations/common/1759200603485-addModelCapabilitesToAgent.ts
e63811b0833729bd7495a0c3617657694822332601cb548aa2cadad264a7acb7  src/database/typeorm/core/migrations/common/1759236947406-updateServerlessFunctionLayerEntity.ts
64c821696c3392d1816796d66a4eb0267f0dec2b21f688bdacd53222dd23aa14  src/database/typeorm/core/migrations/common/1759341941773-renameApplicationStandardIdToUniversalIdentifier.ts
0c1d60bb3041872e1ef40a9ea9864593c73dd8c2efbfd47358e9ed65e219d62d  src/database/typeorm/core/migrations/common/1759378531410-removeMessageIdFromFileTable.ts
7f9e033ad791b8fa8cde5310ae7e6cf2a7199eb5b49a66aab969bd6228f7234d  src/database/typeorm/core/migrations/common/1759417994272-setServerlessFunctionIdInTriggersNonNullable.ts
361116696669e31804b95ab7cc9a9def555db545abedbf6f61e50763683cd141  src/database/typeorm/core/migrations/common/1759418198310-renameRouteToRouteTrigger.ts
dd26df506671158d366d3a38d812d2d7d276d060be09e7e35be60f4fc6196643  src/database/typeorm/core/migrations/common/1759433496458-renameApplicationColumn.ts
582402cd045b35274492daedcd14572f0e96b6254d4ad3f40747877cefad6a09  src/database/typeorm/core/migrations/common/1759931071049-setServerlessFunctionLayerNotNullable.ts
a53b55691030ef069e354aaa5e12026077a0b2dfb98fb15a0f55cd115899c26a  src/database/typeorm/core/migrations/common/1760356369619-add-workspace-trash-retention.ts
68aa88a0a3d733177e259ff7020d457d20615d547c10eb0ab0a45d3fecf32d3d  src/database/typeorm/core/migrations/common/1760628085765-addNewWidgetTypes.ts
4b69de5e7bbb197a568ac42bcd753dac4ed6c4be5706ff901ca61f470f8cd681  src/database/typeorm/core/migrations/common/1760640844181-addApplicationVariableCoreEntity.ts
3cb572f25aa13fc0cfabad5841c27053978a8002554ac77a5d5f974b73be66ed  src/database/typeorm/core/migrations/common/1760700501795-addApplicationIdToSyncableEntities.ts
9ec0b1b8ce6dbf53b4fe9582a639b83d0015a163c54a4184413a99de3f54d5a2  src/database/typeorm/core/migrations/common/1760965667836-kanbanFieldMetadataIdentifierView.ts
46e935ae2c2f7769105a72e27e19012d46c160595a1eb001c99858357be3e17c  src/database/typeorm/core/migrations/common/1760985484643-AddRouterModelToWorkspace.ts
dffc3bc120820bb5ec50a7d5ab238223f733a231da9dc08e66c448a74c337eeb  src/database/typeorm/core/migrations/common/1760994964826-RemoveDefaultAgentAndThreadAgentId.ts
6fe62fc0b76da1bc8b78229249c3a1607420f847a396679235edbdafcbb24ca9  src/database/typeorm/core/migrations/common/1761052489394-calendarFieldMetadataRelation.ts
965becdd41cd5ed31094bafcf87db8570f570d596475b7c345b8dbdd00927fa0  src/database/typeorm/core/migrations/common/1761153071116-setServerlessFunctionLayerIdNotNullable.ts
1fd6cce5aa674a5a3e1cc859a7cbad0307cab74fa226cc4e38d09b96ff076978  src/database/typeorm/core/migrations/common/1761210191095-addHandlerToServerlessFunction.ts
91ecb37c30f3d93af5f255780f123361006cd7d742bc245d4250ccf2bb4f4e4a  src/database/typeorm/core/migrations/common/1761215000000-addRichTextWidgetType.ts
3440111f6df14fd4293c6a6f91cf5d62b7944eecbe5ae4785676811b04060d95  src/database/typeorm/core/migrations/common/1761574442000-addWorkflowWidgetTypes.ts
cfe7f7ec0442900cf4eacadce21550f6cecdc8706eca422e1704a1c78a89c3e1  src/database/typeorm/core/migrations/common/1761651107128-addSsoBypassFlag.ts
def85fc55af51f28e907720c55d9c3052b98639211b4d991dbc3b1ca0aed7c77  src/database/typeorm/core/migrations/common/1761749599736-workspace-id-uuid-not-nullable.ts
a6c493435ff7c4106b12c973e9bfb6a7e0700b3d90c4121c4bb55514e9fbfd8d  src/database/typeorm/core/migrations/common/1762333916255-nullable-application-serverless-function-layer.ts
8079a64c958badf8d584f71c804aaca186743c52ba3ee93c1e2065c83cf5301a  src/database/typeorm/core/migrations/common/1762339932345-makeApplicationWorkspaceFkDeferrable.ts
43ef03900a9792c36446558f91fe43db883fae40dc63c4797764da894e326090  src/database/typeorm/core/migrations/common/1762343994716-add-workspace-custom-application-id-column.ts
ae800cea8563495868eee0ec00cfc372a417326879fe10e6fe9dde563e25c063  src/database/typeorm/core/migrations/common/1762351626807-viewVisibility.ts
1cdc714fc1594e0726c78b2271f82719309340152ef9d2d3b029c0dd07975aa6  src/database/typeorm/core/migrations/common/1762437814771-workspace-custom-application-id-foreign-key.ts
cff5a8275fe422bbe7885f059e5542e139faddc4eb5d717b49c9028c0e073dc7  src/database/typeorm/core/migrations/common/1762884796640-editableProfileFields.ts
3a6a8bae76fcb8f8f1b18e40907a622169347d76d96d9a5a3a5954d483e83ef2  src/database/typeorm/core/migrations/common/1763622159656-update-agent-response-format.ts
0f26a6f45033461272bab5be92a7fee1428e80b5030bec784f02fc029939d92c  src/database/typeorm/core/migrations/common/1763731277403-addCanBeUninstalledColumnToApplication.ts
5d9f70cd33b913470449216db1a60b72875eec062b3c3da0c6b7ac3709b3c368  src/database/typeorm/core/migrations/common/1763805513241-1763805200000-RemoveAgentHandoffTable.ts
eba81f6a47ee8afd6d06c6ecbe630c66d225cf6199cb1dc50399ed5c4a1c055f  src/database/typeorm/core/migrations/common/1763896975223-syncable-role-target.ts
81882436b672c50a56b675ba3b5a652be53ae17e7b658d6471d6a5599d85cb08  src/database/typeorm/core/migrations/common/1763977334519-workspace-custom-application-id-non-nullable.ts
95ba90c8d4f51b4590e2d439ab8f7f517228982aa0a607d60077753e23f119f7  src/database/typeorm/core/migrations/common/1763997530458-AddFastAndSmartModelsToWorkspace.ts
0e780aee3442caccf12354a06a61b55bdf6efbf7e277a69be657756e3d88bb7f  src/database/typeorm/core/migrations/common/1764066845539-coreMigrationCheck.ts
0d7c2672002d5e40a86a8c8d50f26b177bcf87d6645c2ea8121b34b5dbc31c42  src/database/typeorm/core/migrations/common/1764081474225-add-agent-id-to-agent-chat-message.ts
474ed90fa95180825eb6f268b1beb2c4d0cb203239f0b64e4d1dff0524230cc1  src/database/typeorm/core/migrations/common/1764100000000-refactor-agent-chat-entities.ts
9e83952c40ece5e678bf7c5bf0d25e7af8eda21cb5d415b697369dc8eb40c318  src/database/typeorm/core/migrations/common/1764200000000-add-agent-turn-evaluation.ts
8e0c243b765fd73321f8171386f2d7912a9b29afbf36983ca2091260af876b2e  src/database/typeorm/core/migrations/common/1764210000000-add-system-role-to-agent-message.ts
3dab48ab51ca5334415104176a9d9186884913a275f2cccfe2ba5e972d42534e  src/database/typeorm/core/migrations/common/1764220000000-add-evaluation-inputs-to-agent.ts
f8ec30c56b0926aeabc09d2fbd12a0d9918e87076f0114ccae9ff9084a12a559  src/database/typeorm/core/migrations/common/1764329720503-update-role-targets-unique-constraint.ts
7f8460694a4096147fc1a63148f7e8cac47973e2c134148d950f3648fd27c674  src/database/typeorm/core/migrations/common/1764671363647-renameRoleTargets.ts
1dd0503b65d2562734484c8c0b4a456726afce45c57c582e4853d6685a58ef1b  src/database/typeorm/core/migrations/common/1764672601466-change-agent-description-to-text.ts
0220c71821c0afc7f3ecd0ed03d023fbeee434887ba8fb333165f5878b8b5ad8  src/database/typeorm/core/migrations/common/1764680275312-addMainGroupByFieldMetadataId.ts
46dd1f0ad993d7eb147803247afc41126a18812c3d830759b054a1991c8098a5  src/database/typeorm/core/migrations/common/1764700000000-add-usage-columns-to-agent-chat-thread.ts
c19aef8c0d699c1d3eb830151bddc8f5a961a30d100ef63c8b4379b81ca06633  src/database/typeorm/core/migrations/common/1764846384501-renameRichTextToFieldRichTextAndAddStandaloneRichText.ts
f4f239905f01b2f90ae9769b99b847aaf2597d503ddcf0c4612f133c7567503a  src/database/typeorm/core/migrations/common/1764923552610-addApplicationRoleColumns.ts
92f3228b96eb7156fd12e22c30c0a83021093008de3007c3679401884ba569b4  src/database/typeorm/core/migrations/common/1764949394792-addApplicationIdAndUniversalIdentifierToPageLayouts.ts
ab6b059a0fb63632dc7cdf57d259f070b7718dd389ce75b8ed3ec5f9f340dbd0  src/database/typeorm/core/migrations/common/1765153412696-add-view-should-hide-empty-groups.ts
dcab313457d11392f8bdaf1a5fcaa6ffb1e3b4d6bad6b3c98291cbfd603e9237  src/database/typeorm/core/migrations/common/1765200057592-addApplicationIdAndUniversalIdentifierToPageLayouts.ts
bd3f04b04568bd869f3762f01ae44a271d40fff1ea9f2b272939e377e69e53e1  src/database/typeorm/core/migrations/common/1765206100942-updateRoleColumns.ts
d6c63fc198a8892e5691645a0bfea225c3d6ffd394e574ffeb9e248fba32a0fe  src/database/typeorm/core/migrations/common/1765499361805-addRLS.ts
e60aaafb241058a9b1a4b630410607a484a94ca9df19cbdc8db126cedaf3175d  src/database/typeorm/core/migrations/common/1765808791153-remove-field-metadata-id-in-view-group.ts
e8a019bb0727fc220391c38c5b9cde46c7567b094c6e26022bf732e6d59e93c4  src/database/typeorm/core/migrations/common/1765970658815-AddFieldWidgetType.ts
cada0d707c4a08952cf042db03953c24b349eda53e41d20880f16f10bf826ea1  src/database/typeorm/core/migrations/common/1766069735219-set-page-layout-widget-configuration-not-nullable.ts
0f2a432c17a8bd4b6a1fab4516e614d94b50f2335c4ada817297a0f1d684ec91  src/database/typeorm/core/migrations/common/1766077618558-removeCanBeAssignedToApplications.ts
2bacb6007decd11ae8d7ac264704f5ad46d7ea3bd0d5cdd1fd645e011e0a0278  src/database/typeorm/core/migrations/common/1767002571103-addWorkspaceForeignKeys.ts
e8196374bc15deb4ba17ad6db3cf3a1b7bc2f716b280899247f398491e730bd5  src/database/typeorm/core/migrations/common/1767003000000-add-skill-entity.ts
95aa90b31c5ec9a9d8a0fefb1b7b9bbae091cf5bc637e8302baef5230225d968  src/database/typeorm/core/migrations/common/1767100000000-makeViewFilterGroupParentFkDeferrable.ts
9beccf099ddb3ad554ffc7f1ea613bad3c3e1754f6833854b82b520a4e7b5277  src/database/typeorm/core/migrations/common/1767200000000-fixDataSourceAndWorkspaceMigrationWorkspaceIdType.ts
9daa64561f5d7c40856ce72d584aa0e28fe02d415cfbcebe0d5bf1cfa8c8b055  src/database/typeorm/core/migrations/common/1767277454048-makeFieldMetadataUniversalIdentifierAndApplicationIdNotNullable.ts
8c7bcf4abe5ee609ed5c7574648008b77f280f2bba32758c1772a8581c2d0fc8  src/database/typeorm/core/migrations/common/1767364430164-add-tool-schema-to-serverless-function.ts
a8e3563606ca681c6f5253712bc3c7a9e6c25f586e0dda1f6457b879abdb0bab  src/database/typeorm/core/migrations/common/1767812158000-remoteRemoteTables.ts
b1432de5d9a8b8a249039f1ef2781d85b94acb873ab730dcc08101ef2ba10bc5  src/database/typeorm/core/migrations/common/1767876112877-removeWorkspaceMigration.ts
2d9d06f441af2b6fc62ff7bd9787a73ed1bc65e25325f4fb40c486947e21662e  src/database/typeorm/core/migrations/common/1767998263185-addObjectMetadataIdToRowLevelPermissionPredicateGroup.ts
a4adcc6ed6d981bc53ab7ce40a7014d50e97c62bf93ef139e5172a250195ca23  src/database/typeorm/core/migrations/common/1768212224801-makeObjectMetadataUniversalIdentifierAndApplicationIdNotNullable.ts
607d2dd63fe8d0c57da70d3f77d33834b5a9072c71b7c85ce5367034a96548aa  src/database/typeorm/core/migrations/common/1768213174271-makeViewUniversalIdentifierAndApplicationIdNotNullable.ts
bccbf720431ae9739d955322efaedee778086179b15d356df860a59f091503e0  src/database/typeorm/core/migrations/common/1768213174272-makeViewFieldUniversalIdentifierAndApplicationIdNotNullable.ts
587c6937b2ed64ce2011e64186846e7a7d29a34b2cceb150a36f0a1e3e43e7b1  src/database/typeorm/core/migrations/common/1768213174273-makeViewFilterUniversalIdentifierAndApplicationIdNotNullable.ts
98676c315d87ff5830cfe6119c6321d93af96d348d51b33febf02121b6e8156d  src/database/typeorm/core/migrations/common/1768213174274-makeAgentUniversalIdentifierAndApplicationIdNotNullable.ts
93a274e1f0f620d639f4a8dfca1cad0ceeccafbe0936c395b2551fc499170653  src/database/typeorm/core/migrations/common/1768213174274-makeViewGroupUniversalIdentifierAndApplicationIdNotNullable.ts
9790d3d384bf569c1f9d267d603a5e526773a600678b458d9a7dee4f8e4cd676  src/database/typeorm/core/migrations/common/1768213174275-makeRoleUniversalIdentifierAndApplicationIdNotNullable.ts
8142eb52ec04d850ca3c3d5eb51fe68209a848518264b76efe5275b99a9f1a2f  src/database/typeorm/core/migrations/common/1768399525609-addForwardedRequestHeadersInRouteTriggers.ts
30f41fd8e296de88c676e9dd367d0c5bf7674eb2e3afb9c5778d19668dafcd96  src/database/typeorm/core/migrations/common/1768495429374-addFrontComponent.ts
55428f9741266a8e6c886bd6f0caa48fe5483cabba519173d5b0d914af39e939  src/database/typeorm/core/migrations/common/1768503887441-addCommandMenuItemEntity.ts
73f9feed5bd9b757e080367d7bfe50b847923934430deba283b87d9029cfc2f1  src/database/typeorm/core/migrations/common/1768572831179-updateFileTable.ts
675abb7f645e40247b86ca4cf1666f1a17bdcc74f0b3de7e0b6f594c3d8a3893  src/database/typeorm/core/migrations/common/1768750308557-foreignKeyIndexStandardization.ts
36648f18d2a00557d968ed01a0cc76670704cd04e14409aa15e7c18fbc8e38b2  src/database/typeorm/core/migrations/common/1768807499350-addNavigationMenuItemEntity.ts
2eb07ac3662e07ebd91a9ffdc6aad9c7634f44efe6c97847b1ed8f14250842ad  src/database/typeorm/core/migrations/common/1768830235328-makeIndexMetadataUniversalIdentifierAndApplicationIdNotNullable.ts
dd876916a26a9065e5a6e1bc27539085c561f8488d231068e138541e310c919f  src/database/typeorm/core/migrations/common/1768916632478-makeRemainingEntitiesUniversalIdentifierAndApplicationIdNotNullable.ts
8e820e8d8bf244f4af71f49f23ccd84da7dbae16aa11fd6c47b8183448ea56fc  src/database/typeorm/core/migrations/common/1768917890810-AddFrontComponentType.ts
8caaac7ba95693c3a5d141e3942174eaef3d639c7cf216a433e2d4b4b60e2e5a  src/database/typeorm/core/migrations/common/1769016869438-addBuiltHandlerPathToServerlessFunctions.ts
0db680bad31f72f9ae482933e54138a4f4c6300833a4353b5f6269f68bb8c5b7  src/database/typeorm/core/migrations/common/1769091641000-renameHandlerPathToSourceHandlerPath.ts
a7d771344315ab775a6bc3f0f35a3e3668a2201dc61599e1758a524d6eeafd62  src/database/typeorm/core/migrations/common/1769196250679-addNavigationMenuItemViewForeignKey.ts
e0786798324c69a63575bc3c29b3940075fab58292052eb036b964562afef34b  src/database/typeorm/core/migrations/common/1769434782880-add-file-settings-column-on-file-table.ts
4a3880573d9747d4532660e42abb1c6a643b3cde126c0a63bba0ef085c10a57f  src/database/typeorm/core/migrations/common/1769517102605-addUniversalToWebhook.ts
00d16f8ffbd8a8c3a4ede9f6742f4ad183f414bfd70c71579e8fb431d3c0001f  src/database/typeorm/core/migrations/common/1769525557511-makeWebhookUnivesralIdentiferAndApplicationIdNotNull.ts
33a5d4285ffc807aa8de55aff90647b80278cd5166f3a9bac4fc524f4eb106f8  src/database/typeorm/core/migrations/common/1769532887284-migrateServerlessTriggersToServerless.ts
baa4b577a2d541f30da5272dec24787273978346d792ccb35072ffb46302f2d3  src/database/typeorm/core/migrations/common/1769556947746-renameServerless.ts
d7b7b1eceb18e5a3d3b7246e3b4604233542469c010ca96a9640c563b22f24b6  src/database/typeorm/core/migrations/common/1769557200000-updateLogicFunctionConstraints.ts
0f13ecfb9dd19769e73985286e53404a59978da47044cc98fbdd6b2eaacf6ad8  src/database/typeorm/core/migrations/common/1769654418252-add-front-component-id-to-command-menu-item.ts
8ae40412572920370fa9efb68ae4e9b8a4249ce787d7549be1646fead17ed777  src/database/typeorm/core/migrations/common/1769679579382-updatePageLayoutForRecordPageLayout.ts
47c6af68498266b0b080142eba20b6120e5de2fdd96dbee412b6f1c506042b46  src/database/typeorm/core/migrations/common/1769679579383-setPageLayoutDefaultTabDeferred.ts
c8ecc4200f5a91cba6b5a3923670ce04e8521282a567c2080e4ef98c94dbb9fd  src/database/typeorm/core/migrations/common/1769681396664-removeLogicFunctionVersion.ts
694a5046a6fd484d83f4b99d83154fb1e6acdda20bb10f63c538f14987e016bc  src/database/typeorm/core/migrations/common/1769685701443-updateColumnName.ts
76c4d6385aed4d397bca3aa5d5bb34f93f8b09bc5e3d6d3ca08ee17dd76409fe  src/database/typeorm/core/migrations/common/1769710304101-updateLogicFunctionDefault.ts
4c9928851ac2af8276bd688c0420ff963aafec5fac66442ff34106f8ece1a835  src/database/typeorm/core/migrations/common/1770032815802-addFileEntityUniqueConstraint.ts
1d5665f27f1f314de2fb6af48fa30553339e328dfccfb124dc83bb15374f629b  src/database/typeorm/core/migrations/common/1770038963629-addDependencyChecksumsToLogicFunctionLayer.ts
bdf02eeb47c738b254fe15864b4a5753321346dfd3a4badd489d7db3cf774405  src/database/typeorm/core/migrations/common/1770040351718-remove-object-metadata-standard-id.ts
6f524188be0eaf18170983de2d6c4dc8093d8c61fa9eaee626d7eb5a467d84e1  src/database/typeorm/core/migrations/common/1770046227329-add-page-layout-widget-position-column.ts
19cf3d04e0bcf4389e936afdb44e50720b7c6c1a99b3b2b85e0a4dd85fb223aa  src/database/typeorm/core/migrations/common/1770047816358-drop-standard-id-from-core-entities.ts
b2c581d129baf66f09fa0f11397b1626d290768172e6a87f5ceae50d14019b98  src/database/typeorm/core/migrations/common/1770050100000-addApplicationPackageFields.ts
c90cbc3790a43015328b81d106aa8f48ef616b6faf86b3890881d275576dd762  src/database/typeorm/core/migrations/common/1770050200000-makeWorkspaceAndApplicationFileFksDeferrable.ts
903ea2656c826c305ba1d3d2c871895ab5ebb56407372c300b91a2756ad1d735  src/database/typeorm/core/migrations/common/1770050300000-dropLogicFunctionLayerIdFromLogicFunction.ts
0030c4109049a2d080409d55606977a1a904747571ad1d5f910e8bfa5dce23e5  src/database/typeorm/core/migrations/common/1770051000000-add-workspace-event-log-retention.ts
b6ea547b789d51123510ad386bf7a35159f26c5fc5c3fa494f9b39826bd40010  src/database/typeorm/core/migrations/common/1770193825210-dropLogicFunctionLayerIdFromLogicFunction.ts
b78abcf2a2f03c6741e6c12e69709a78fcbcead85fe20c6675edc7199e986f1a  src/database/typeorm/core/migrations/common/1770198374736-addSuspendedAtColumnOnWorkspaceTable.ts
c5b0f6990cb4e0f556f25a5fd0b2789d37cba679ca01c50da1fa907564ec88c4  src/database/typeorm/core/migrations/common/1770309316193-add-front-component-columns.ts
dea0dd86aeb7ffbadc0f8a8d178664b09ffd786954e8d6a6fbb0c71d007cc0b4  src/database/typeorm/core/migrations/common/1770311652940-add-ai-additional-instructions.ts
9e7d3bc1798fb8e70544e1ce3c16b0b4f1b15f10573efd6982f9062e8f2cb6e3  src/database/typeorm/core/migrations/common/1770400000000-addConversationSizeToAgentChatThread.ts
39effe330de949000e9d3b260656521d1e4f68743bc4b34d3983878c2ac563f6  src/database/typeorm/core/migrations/common/1770699268900-add-link-and-icon-to-navigation-menu-item.ts
875ad0ba8865f953d76a84450723e20e33b275e719f6f88ca4d815b61cd9bcd1  src/database/typeorm/core/migrations/common/1770725043111-addLogicFunctionIsBuildUpToDateColumn.ts
a01d19472ab188cff47cbe4389d546a76b709a88828673c50c07336b29d0e371  src/database/typeorm/core/migrations/common/1770814914548-addMimeTypeToFileTable.ts
a9e1b4a2b5186f797cb736f53547a6e4787850edf5691c84a504e398c16e85b5  src/database/typeorm/core/migrations/common/1770818941843-add-view-field-group.ts
89c9f3ea3807ed3f2647d66747b1ebdc5094657d95041e173c3fe9b12b5705f8  src/database/typeorm/core/migrations/common/1770906704231-addFieldsWidgetViewType.ts
aed48854628850cc972a7a2e1a7fbe069d4bc6371ec1b5add199a38fec91e7a8  src/database/typeorm/core/migrations/common/1771146443209-add-color-to-navigation-menu-item.ts
9ba61ad4c0a7766377204b8f6454f61f78ec78aeda009e78629167890d80362d  src/database/typeorm/core/migrations/common/1771247783542-add-icon-to-navigation-menu-item.ts
35cd538b8a228944296eeb7f951b60c10f5bd890443e8732361a1d2b137cbddc  src/database/typeorm/core/migrations/common/1771323022170-add-logo-file-id-column-on-workspace-table.ts
b5356a014386cf4ccf7239793333e906c0c326510169777855da90b683528a54  src/database/typeorm/core/migrations/common/1771499112046-change-navigation-menu-item-position-to-double-precision.ts
3f6cfab7598a2d3fa1982b9c9fd838762c92372bb51dcd530cb1e540083899cb  src/database/typeorm/core/migrations/common/1771509478665-add-is-headless-to-front-component.ts
a81f4ca6570fe0d4348a6ba8f165fa3fc21344fc2cd673fbaee972fa8fe56de6  src/database/typeorm/core/migrations/common/1771600000000-fix-ai-entity-timestamps-to-timestamptz.ts
0647f83f4c55eda04d5e6f8620977e35478b88dc36b44735d31f707d04f04473  src/database/typeorm/core/migrations/common/1771768847449-add-ai-model-availability-columns.ts
b8c2dcde2a286fd9727b52f4c9084d8d78888ab10dcc777c3481fdf8e73c5b41  src/database/typeorm/core/migrations/common/1771840510112-1771768847450-add-use-recommended-models.ts
49d77188cbe64537cbbd050a2a99d294e1559b6284a5a7c118b3c4dd468c4558  src/database/typeorm/core/migrations/common/1771840510113-add-settings-custom-tab-front-component-id-to-application.ts
98ddaf2332122718d3e7efb891222f8e24285d1a4c0a1ed8cfaa4bd4e2e6c9e3  src/database/typeorm/core/migrations/common/1772267875868-create-application-registration.ts
bd048304a6371ba056532dcaa2178cc62709867dcd02f20526714e276e02517e  src/database/typeorm/core/migrations/common/1772267875869-add-workspace-id-to-application-registration.ts
6e0a4356836975f24e89186ffab83ee9e52b653d910d880dc66e5995e25ad862  src/database/typeorm/core/migrations/common/1772267875870-add-conditional-availability-expression-to-command-menu-item.ts
429669c87555d79c57625ffabf94c33fc09a0da17af6264b24f1c5b246c1bcbe  src/database/typeorm/core/migrations/common/1772267875870-add-overrides-to-page-layout-tab-and-widget.ts
2d2ec2ef9dca676fbb3ffc3e1b4809226f984a9d4f4bf73b9983a7318579f0c4  src/database/typeorm/core/migrations/common/1772267875870-addAppRegistrationSourceFields.ts
ae5eca49ecc367724cf58f122ddc9cb4d07ef148c04219f8c6db89686d00cfb6  src/database/typeorm/core/migrations/common/1772555830171-replace-file-url-with-file-relation-in-agent-message-part.ts
034eb230d05af3d80864bb493c1c920b194c1cfd91709261cdacc17926e2a4f7  src/database/typeorm/core/migrations/common/1772643950000-add-short-label-position-to-command-menu-item.ts
4097ef409da2df2523149edfdfdaaf1a73bcc65a9691636ca36f570e81b90f0f  src/database/typeorm/core/migrations/common/1772732588833-add-is-listed-to-app-registration.ts
c45724b0a322b19c599ac05207fb552be080c88b2c6d29dec44c6a917decae23  src/database/typeorm/core/migrations/common/1772832588833-add-fallback-to-command-menu-item-availability-type.ts
77f4a38f2d61d06e119bb6dbec2ed936894992d0d7eef9c6469f83e1b19e2893  src/database/typeorm/core/migrations/common/1773000000000-add-is-sdk-layer-stale-to-application.ts
b8f6520522f790a78b2c02971d3192ba733b5e594f3c1a8bcb67edee30e2e899  src/database/typeorm/core/migrations/common/1773100000000-add-uses-sdk-client-to-front-component.ts
a9f12f8cc2d5c41fc11c1323a3091a8c2920f328e45acc599079391e69e2070a  src/database/typeorm/core/migrations/common/1773232418467-add-universal-identifier-and-application-id-to-permission-flag.ts
c8d63f76a1805cce60bfc56a8c616fcbe8cabbdf97859bc4b8c2f046886cc6d8  src/database/typeorm/core/migrations/common/1773232418468-make-permission-flag-universal-identifier-and-application-id-not-null.ts
8f0b05630e6cc713ff6283c8942e24fde0e4a64d3572c4410a145140f18ee44d  src/database/typeorm/core/migrations/common/1773246310000-add-overrides-to-view-field-and-view-field-group.ts
15ea0fd4dddff0181b80de48c5c3e532027c11c9448fdcfc7be12869260c0ad1  src/database/typeorm/core/migrations/common/1773311456455-add-engine-component-key-to-command-menu-item.ts
d257c08e6bee78cd1979600adf63aba69ea62afde00b6fcd4b59f70805d86aca  src/database/typeorm/core/migrations/common/1773317160558-add-universal-identifier-and-application-id-to-object-permission.ts
05a1dac9922dea187078525de5bcc9014752000998ae0fcef2fac29514c73f52  src/database/typeorm/core/migrations/common/1773317160559-make-object-permission-universal-identifier-and-application-id-not-null.ts
97aac0d51b4ace966c26c79f1a64c958eb00e2b0f6688cc657cc9572aee57548  src/database/typeorm/core/migrations/common/1773320963832-update-engine-component-key-enum.ts
731b96dbe9ae3bc385956b580e3654242289e487505c9e242b98c30e9a10ebe7  src/database/typeorm/core/migrations/common/1773400000000-add-universal-identifier-and-application-id-to-field-permission.ts
d6d7928a436b7d7514b6c36ee5d7ddeccc2c70441b2f27d9a910f7d662388694  src/database/typeorm/core/migrations/common/1773400000001-make-field-permission-universal-identifier-and-application-id-not-null.ts
afbd36917ab7a5ebb56f61dec5bbe493a427d97df030817471fc82232a448631  src/database/typeorm/core/migrations/common/1773655278357-add-color-to-object-metadata.ts
864688241f5f3fd8a84948375ceaf27a13923ae685767bb320edb83c4afd2baa  src/database/typeorm/core/migrations/common/1773668124779-remove-save-cancel-record-page-layout-engine-keys.ts
040d583712d57979a032aad6ad54a7e2f87dc33326ce28cdc97a11f3e7bc7241  src/database/typeorm/core/migrations/common/1773677851495-add-hotkeys-to-command-menu-items.ts
5489177c4a7e17828dd417d9fd45cf7841ba406255a4b5d27de56ec3af85424a  src/database/typeorm/core/migrations/common/1773681736596-add-type-to-navigation-menu-item.ts
a5819baa7e2d51fbd23b67f20e846f63309dc7150f14ce4f8e02c2148e0c57e7  src/database/typeorm/core/migrations/common/1773822077682-make-navigation-menu-item-type-not-null.ts
fe75c8ab6c3f0d7277e0b354e566fa43ad3d538d96d13fb1e02b8dab36fcd531  src/database/typeorm/core/migrations/common/1773900000000-migrate-model-ids-to-composite-format.ts
b7df127357eab1fb1f6542cd550cdaad7d3ca2503b3faae440a966141b86658e  src/database/typeorm/core/migrations/common/1773945207801-add-messaging-infrastructure-metadata-entities.ts
0897cf0da5dffe8b3b4e1da77acb6f7365cd0c174c8b17063df3f2f9784d67cd  src/database/typeorm/core/migrations/common/1774000000000-split-ai-providers-config.ts
7ea662d28711a59f7ff0d82b9b6b6fe5f9c24f43d73137aa1a4186f0e6352b9c  src/database/typeorm/core/migrations/common/1774003611071-add-active-stream-id-to-agent-chat-thread.ts
ac0fc7ba0199c6051182d0885350f3974a60cc4d011b47bae6eb9dba8ffdf5f8  src/database/typeorm/core/migrations/common/1774072000000-addRecordTableWidgetType.ts
b0440cb0d71f8182d50b6add51afb98ae1a6d9dd7f4ca0f410799a55b73f8037  src/database/typeorm/core/migrations/common/1774100000000-drop-workspace-ai-columns.ts
15e1fed517bf38b8c2337575e429027c34e718d48703b3ac20f828de53e8f36e  src/database/typeorm/core/migrations/common/1774363913813-convert-engine-component-key-to-varchar.ts
71d58cfb9bb04030910c36897150be9f20fc8075c05fb11c6a8a1ec5f3a016aa  src/database/typeorm/core/migrations/common/1774472400000-rename-marketplace-display-data-to-manifest.ts
821b075732b9d3262a10b9da424356f34f38b33431377a91f6dcff9487411b8c  src/database/typeorm/core/migrations/common/1774688563000-drop-workspace-database-url-column.ts
34840105ab74c6166412c87b15c9e485bbba444ec736dd2a8d06271f27b333e9  src/database/typeorm/core/migrations/common/1774700000000-add-global-key-value-pair-unique-index.ts
d067682bdc548f08f37d67e3489450307dc429c17857c8d59607822032aa056b  src/database/typeorm/core/migrations/common/1774966727625-addIsActiveToOverridableEntities.ts
58a15e835616aee2b8375307e6ddd92da8d592989cf978f65ac40b377eed16ca  src/database/typeorm/core/migrations/common/1775001600000-add-status-to-agent-message.ts
5b26b6577e8f8fce88e40674e7a775c5062f86954d2cd14b1032a961d3a51ed8  src/database/typeorm/core/migrations/common/1775129635528-addPayloadToCommandMenuItem.ts
61f26bdbc9ce5feb5511d65e0907da8ef1546202f61f411b5a4b0671c30d08a1  src/database/typeorm/core/migrations/common/1775487231605-add-upgrade-migrations-table.ts
fb70c368a8f15109cbcd2d32fa91e53e69c7885d594c29306d7ac9e39fd7d2cd  src/database/typeorm/core/migrations/common/1775553825848-add-workspace-id-to-upgrade-migration.ts
9b660d694711aad82bd6b51ff4d30c71633a34ce97aef51841ac3a40f3bf4ffb  src/database/typeorm/core/migrations/common/1775649426693-add-error-message-to-upgrade-migration.ts
8d028f5090bd90ec2012ca25d972f96db75ae527f3819c4125f5c6a5f0043c43  src/database/typeorm/core/migrations/common/1775909335324-add-is-initial-to-upgrade-migration.ts
f6d91f7eb5f40b8a3174cf0a734c6b6b8a2437bd9d9bd87f6ce8d97a367bac2d  src/database/typeorm/core/migrations/utils/1767002571103-addWorkspaceForeignKeys.util.ts
2cd4826b46a648b638b89f1c120d2db706c3859097414b253c0665a7a2e93464  src/database/typeorm/core/migrations/utils/1767277454048-makeFieldMetadataUniversalIdentifierAndApplicationIdNotNullable.util.ts
cab7b39625a0d31c736d0b9a5cfc02caa80059a3c9c35a85ee9bda7fe613d379  src/database/typeorm/core/migrations/utils/1768212224801-makeObjectMetadataUniversalIdentifierAndApplicationIdNotNullable.util.ts
e8454842ca0257ab640de1c3c1bb625e5969ad22bf7dc7c788154cfbe6f3ca3e  src/database/typeorm/core/migrations/utils/1768213174271-makeViewUniversalIdentifierAndApplicationIdNotNullable.util.ts
f253e83268d32be77ac0841ca4cecca6e4a436f29609b05e2129a5c798675272  src/database/typeorm/core/migrations/utils/1768213174272-makeViewFieldUniversalIdentifierAndApplicationIdNotNullable.util.ts
3dbd434c565052877312398a9a749194b8e6b87fc180e50070a789f8a188e44b  src/database/typeorm/core/migrations/utils/1768213174273-makeViewFilterUniversalIdentifierAndApplicationIdNotNullable.util.ts
917740e2cf7e4e22003236b05224642b1ecf089efca0f9c2801122f173da424a  src/database/typeorm/core/migrations/utils/1768213174274-makeAgentUniversalIdentifierAndApplicationIdNotNullable.util.ts
3ebfd1e3644bf79f16569581285bee0528aa1fafc4e1ff2858e2eb02bdfac147  src/database/typeorm/core/migrations/utils/1768213174274-makeViewGroupUniversalIdentifierAndApplicationIdNotNullable.util.ts
5f4efa1d0dd8bf9783b89a5205a3d5cbd7e0e3ac10c471746651d47cd08b82bf  src/database/typeorm/core/migrations/utils/1768213174275-makeRoleUniversalIdentifierAndApplicationIdNotNullable.util.ts
92e8b5ac64388a84bf6e0ec93904f6c69ce3cc733a914bff6aaa8f5adca7d31b  src/database/typeorm/core/migrations/utils/1768572831179-updateFileTable.util.ts
f7617074253e02cb1345874fb485ce8137ae6514050855af38d42094b828110b  src/database/typeorm/core/migrations/utils/1768830235328-makeIndexMetadataUniversalIdentifierAndApplicationIdNotNullable.util.ts
1fe93dc74c2e6e00e8691df8ff5dad757929ff2eb30ed7a3cb69a217e98f9027  src/database/typeorm/core/migrations/utils/1768916632478-makeRemainingEntitiesUniversalIdentifierAndApplicationIdNotNullable.util.ts
e91fc0a4bf4ce6ee885819cb988e20c71253388d00c00580a79023d715117a30  src/database/typeorm/core/migrations/utils/1769525557511-makeWebhookUniversalIdentifierAndApplicationIdNotNull.util.ts
6d339519c2d1b3efb0940e56391d671b5ef78b5d5c2456ae9c16cdc64a21330e  src/database/typeorm/core/migrations/utils/1773232418467-make-permission-flag-universal-identifier-and-application-id-not-null.util.ts
47e7e4042096057c06f379498741a7dd75f7425c73bc0cf2be5f08fa4f73306c  src/database/typeorm/core/migrations/utils/1773317160558-make-object-permission-universal-identifier-and-application-id-not-null.util.ts
3536836434b5c6f4282bd2b91948d7577862d073e75f4b52c69a2638cff790f2  src/database/typeorm/core/migrations/utils/1773400000000-make-field-permission-universal-identifier-and-application-id-not-null.util.ts
4d3aa23ed34b7101cebf0a01db783194601bd9928135ba1b1fb78306850ed551  src/database/typeorm/core/migrations/utils/1773681736596-makeNavigationMenuItemTypeNotNull.util.ts
246b8352b6a8ed4710364f14cbeec2e95d493b65767bc7d45e2cc0cfb786c77a  src/database/typeorm/core/migrations/utils/1774700000000-add-global-key-value-pair-unique-index.util.ts
00413f0ab223fa7008d8127d0dbaebb68befde5a058f9b681f249569f165e350  src/database/typeorm/core/migrations/utils/1775129635528-add-payload-to-command-menu-item.util.ts
